{
  "name": "shor",
  "version": "1.0.0",
  "lockfileVersion": 1,
  "requires": true,
  "dependencies": {
    "Complex": {
      "version": "3.0.0",
      "resolved": "https://registry.npmjs.org/Complex/-/Complex-3.0.0.tgz",
      "integrity": "sha1-8GpALVm6o+aMezUThA4acKP46r8="
    },
    "bit-twiddle": {
      "version": "1.0.2",
      "resolved": "https://registry.npmjs.org/bit-twiddle/-/bit-twiddle-1.0.2.tgz",
      "integrity": "sha1-DGwfq+KyPRcXPZpht7cJPrnhdp4="
    },
    "comandante": {
      "version": "0.0.1",
      "resolved": "https://registry.npmjs.org/comandante/-/comandante-0.0.1.tgz",
      "integrity": "sha1-gFHaYILocgiq3VK9gXJ1t8gDUAk=",
      "requires": {
        "duplexer": "~0.0.2"
      }
    },
    "commander": {
      "version": "2.7.1",
      "resolved": "https://registry.npmjs.org/commander/-/commander-2.7.1.tgz",
      "integrity": "sha1-XUGaK77Swy7j5Nypu0Wrg+zDBlo=",
      "requires": {
        "graceful-readlink": ">= 1.0.0"
      }
    },
    "duplexer": {
      "version": "0.0.4",
      "resolved": "https://registry.npmjs.org/duplexer/-/duplexer-0.0.4.tgz",
      "integrity": "sha1-r8t/H4uNdPggcmFx1dZKyeSo/yA="
    },
    "fft-js": {
      "version": "0.0.12",
      "resolved": "https://registry.npmjs.org/fft-js/-/fft-js-0.0.12.tgz",
      "integrity": "sha512-nLOa0/SYYnN2NPcLrI81UNSPxyg3q0sGiltfe9G1okg0nxs5CqAwtmaqPQdGcOryeGURaCoQx8Y4AUkhGTh7IQ==",
      "requires": {
        "bit-twiddle": "~1.0.2",
        "commander": "~2.7.1"
      }
    },
    "fourier": {
      "version": "0.3.0",
      "resolved": "https://registry.npmjs.org/fourier/-/fourier-0.3.0.tgz",
      "integrity": "sha512-MMnAXIUDT8XVXYOcIX2iTbahq309qMnrbRenzNNLgbx8+utPKdBBGqbDUb/cUMJ+/gku7pueBAKgkPgXZWCcAw==",
      "requires": {
        "lodash.range": "^3.2.0"
      }
    },
    "fourier-transform": {
      "version": "1.1.2",
      "resolved": "https://registry.npmjs.org/fourier-transform/-/fourier-transform-1.1.2.tgz",
      "integrity": "sha1-U5J876hpWOsf0hSK9GxtP8Xnm2Q="
    },
    "gcd": {
      "version": "0.0.1",
      "resolved": "https://registry.npmjs.org/gcd/-/gcd-0.0.1.tgz",
      "integrity": "sha1-QeC7YLzJJFY1QZhgoiVEsjC6L3U="
    },
    "gnu-plot": {
      "version": "0.2.4",
      "resolved": "https://registry.npmjs.org/gnu-plot/-/gnu-plot-0.2.4.tgz",
      "integrity": "sha512-htAfe2ImyuA5KnqYhTbuV9erY0YR/4wsK/qNJcRQDQ0X5QLuuJbY2nbtMWw/FRcBdaSVTIRyLgmK2UQx3IbKmw=="
    },
    "gnuplot": {
      "version": "0.3.1",
      "resolved": "https://registry.npmjs.org/gnuplot/-/gnuplot-0.3.1.tgz",
      "integrity": "sha1-+qrVKidVlOggFMwIt8PnNnKyCwk=",
      "requires": {
        "comandante": "0.0.1"
      }
    },
    "graceful-readlink": {
      "version": "1.0.1",
      "resolved": "https://registry.npmjs.org/graceful-readlink/-/graceful-readlink-1.0.1.tgz",
      "integrity": "sha1-TK+tdrxi8C+gObL5Tpo906ORpyU="
    },
    "lodash.range": {
      "version": "3.2.0",
      "resolved": "https://registry.npmjs.org/lodash.range/-/lodash.range-3.2.0.tgz",
      "integrity": "sha1-9GHliPZmg/fq3q3lE+OKaaVloV0="
    }
  }
}
